
Microsoft Visual Studio Solution File, Format Version 12.00
# Visual Studio 15
VisualStudioVersion = 15.0.27130.2020
MinimumVisualStudioVersion = 10.0.40219.1
Project("{9A19103F-16F7-4668-BE54-9A1E7A4F7556}") = "PhilipsHueRandomColorChange", "PhilipsHueRandomColorChange\PhilipsHueRandomColorChange.csproj", "{60D92045-A043-4118-AD0F-B3B317F26AB3}"
EndProject
Global
	GlobalSection(SolutionConfigurationPlatforms) = preSolution
		Debug|Any CPU = Debug|Any CPU
		Release|Any CPU = Release|Any CPU
	EndGlobalSection
	GlobalSection(ProjectConfigurationPlatforms) = postSolution
		{60D92045-A043-4118-AD0F-B3B317F26AB3}.Debug|Any CPU.ActiveCfg = Debug|Any CPU
		{60D92045-A043-4118-AD0F-B3B317F26AB3}.Debug|Any CPU.Build.0 = Debug|Any CPU
		{60D92045-A043-4118-AD0F-B3B317F26AB3}.Release|Any CPU.ActiveCfg = Release|Any CPU
		{60D92045-A043-4118-AD0F-B3B317F26AB3}.Release|Any CPU.Build.0 = Release|Any CPU
	EndGlobalSection
	GlobalSection(SolutionProperties) = preSolution
		HideSolutionNode = FALSE
	EndGlobalSection
	GlobalSection(ExtensibilityGlobals) = postSolution
		SolutionGuid = {1CA814B9-4ADF-41C5-B5BE-F5E4CED34E06}
	EndGlobalSection
EndGlobal
