
Microsoft Visual Studio Solution File, Format Version 12.00
# Visual Studio 14
VisualStudioVersion = 14.0.25420.1
MinimumVisualStudioVersion = 10.0.40219.1
Project("{2150E333-8FDC-42A3-9474-1A3956D46DE8}") = "src", "src", "{3B783F52-F0FA-4B0A-87CF-7E4EB2D53547}"
EndProject
Project("{2150E333-8FDC-42A3-9474-1A3956D46DE8}") = "Solution Items", "Solution Items", "{6390CF1D-87F8-498F-9C75-06F407110AAA}"
	ProjectSection(SolutionItems) = preProject
		..\.gitignore = ..\.gitignore
		global.json = global.json
	EndProjectSection
EndProject
Project("{8BB2217D-0F2D-49D1-97BC-3654ED321F3B}") = "IotApi", "src\IotApi\IotApi.xproj", "{BECC6CE9-36B3-4BAF-92CA-58639569CEDA}"
EndProject
Project("{2150E333-8FDC-42A3-9474-1A3956D46DE8}") = "tests", "tests", "{394B56D6-EE63-4F68-971B-AAD95816D6D9}"
EndProject
Project("{8BB2217D-0F2D-49D1-97BC-3654ED321F3B}") = "IotApiTests", "IotApiTests\IotApiTests.xproj", "{4922A7B9-6932-4C18-A629-5C52C889C164}"
EndProject
Project("{2150E333-8FDC-42A3-9474-1A3956D46DE8}") = "Connectors", "Connectors", "{5ED4B760-E712-41C6-8D8E-0A582BA54F9B}"
EndProject
Project("{8BB2217D-0F2D-49D1-97BC-3654ED321F3B}") = "XmlRpcCore", "XmlRpcCore\XmlRpcCore.xproj", "{121ACB95-CEC9-43E7-AE72-B9410F828B01}"
EndProject
Project("{2150E333-8FDC-42A3-9474-1A3956D46DE8}") = "Test.XmlRpc (Apps)", "Test.XmlRpc (Apps)", "{7614EBAA-1206-4445-825C-421E9DDD0DF1}"
EndProject
Project("{FAE04EC0-301F-11D3-BF4B-00C04F79EFBC}") = "Test.Uwp", "Test.Uwp\Test.Uwp.csproj", "{ED8BD1CD-9D33-4262-8BE6-09E2E213443B}"
EndProject
Project("{8BB2217D-0F2D-49D1-97BC-3654ED321F3B}") = "CentralControlUnit", "CentranControlUnit\CentralControlUnit.xproj", "{AFB36E87-0AB3-4DD1-BE0F-75CAB8EDB49E}"
EndProject
Project("{8BB2217D-0F2D-49D1-97BC-3654ED321F3B}") = "Test.Desktop", "Test.Desktop\Test.Desktop.xproj", "{D55E8CE8-08DB-46CD-B889-324B9B9E6EDA}"
EndProject
Global
	GlobalSection(SolutionConfigurationPlatforms) = preSolution
		Debug|Any CPU = Debug|Any CPU
		Debug|ARM = Debug|ARM
		Debug|x64 = Debug|x64
		Debug|x86 = Debug|x86
		Release|Any CPU = Release|Any CPU
		Release|ARM = Release|ARM
		Release|x64 = Release|x64
		Release|x86 = Release|x86
	EndGlobalSection
	GlobalSection(ProjectConfigurationPlatforms) = postSolution
		{BECC6CE9-36B3-4BAF-92CA-58639569CEDA}.Debug|Any CPU.ActiveCfg = Debug|Any CPU
		{BECC6CE9-36B3-4BAF-92CA-58639569CEDA}.Debug|Any CPU.Build.0 = Debug|Any CPU
		{BECC6CE9-36B3-4BAF-92CA-58639569CEDA}.Debug|ARM.ActiveCfg = Debug|Any CPU
		{BECC6CE9-36B3-4BAF-92CA-58639569CEDA}.Debug|ARM.Build.0 = Debug|Any CPU
		{BECC6CE9-36B3-4BAF-92CA-58639569CEDA}.Debug|x64.ActiveCfg = Debug|Any CPU
		{BECC6CE9-36B3-4BAF-92CA-58639569CEDA}.Debug|x64.Build.0 = Debug|Any CPU
		{BECC6CE9-36B3-4BAF-92CA-58639569CEDA}.Debug|x86.ActiveCfg = Debug|Any CPU
		{BECC6CE9-36B3-4BAF-92CA-58639569CEDA}.Debug|x86.Build.0 = Debug|Any CPU
		{BECC6CE9-36B3-4BAF-92CA-58639569CEDA}.Release|Any CPU.ActiveCfg = Release|Any CPU
		{BECC6CE9-36B3-4BAF-92CA-58639569CEDA}.Release|Any CPU.Build.0 = Release|Any CPU
		{BECC6CE9-36B3-4BAF-92CA-58639569CEDA}.Release|ARM.ActiveCfg = Release|Any CPU
		{BECC6CE9-36B3-4BAF-92CA-58639569CEDA}.Release|ARM.Build.0 = Release|Any CPU
		{BECC6CE9-36B3-4BAF-92CA-58639569CEDA}.Release|x64.ActiveCfg = Release|Any CPU
		{BECC6CE9-36B3-4BAF-92CA-58639569CEDA}.Release|x64.Build.0 = Release|Any CPU
		{BECC6CE9-36B3-4BAF-92CA-58639569CEDA}.Release|x86.ActiveCfg = Release|Any CPU
		{BECC6CE9-36B3-4BAF-92CA-58639569CEDA}.Release|x86.Build.0 = Release|Any CPU
		{4922A7B9-6932-4C18-A629-5C52C889C164}.Debug|Any CPU.ActiveCfg = Debug|Any CPU
		{4922A7B9-6932-4C18-A629-5C52C889C164}.Debug|Any CPU.Build.0 = Debug|Any CPU
		{4922A7B9-6932-4C18-A629-5C52C889C164}.Debug|ARM.ActiveCfg = Debug|Any CPU
		{4922A7B9-6932-4C18-A629-5C52C889C164}.Debug|ARM.Build.0 = Debug|Any CPU
		{4922A7B9-6932-4C18-A629-5C52C889C164}.Debug|x64.ActiveCfg = Debug|Any CPU
		{4922A7B9-6932-4C18-A629-5C52C889C164}.Debug|x64.Build.0 = Debug|Any CPU
		{4922A7B9-6932-4C18-A629-5C52C889C164}.Debug|x86.ActiveCfg = Debug|Any CPU
		{4922A7B9-6932-4C18-A629-5C52C889C164}.Debug|x86.Build.0 = Debug|Any CPU
		{4922A7B9-6932-4C18-A629-5C52C889C164}.Release|Any CPU.ActiveCfg = Release|Any CPU
		{4922A7B9-6932-4C18-A629-5C52C889C164}.Release|Any CPU.Build.0 = Release|Any CPU
		{4922A7B9-6932-4C18-A629-5C52C889C164}.Release|ARM.ActiveCfg = Release|Any CPU
		{4922A7B9-6932-4C18-A629-5C52C889C164}.Release|ARM.Build.0 = Release|Any CPU
		{4922A7B9-6932-4C18-A629-5C52C889C164}.Release|x64.ActiveCfg = Release|Any CPU
		{4922A7B9-6932-4C18-A629-5C52C889C164}.Release|x64.Build.0 = Release|Any CPU
		{4922A7B9-6932-4C18-A629-5C52C889C164}.Release|x86.ActiveCfg = Release|Any CPU
		{4922A7B9-6932-4C18-A629-5C52C889C164}.Release|x86.Build.0 = Release|Any CPU
		{121ACB95-CEC9-43E7-AE72-B9410F828B01}.Debug|Any CPU.ActiveCfg = Debug|Any CPU
		{121ACB95-CEC9-43E7-AE72-B9410F828B01}.Debug|Any CPU.Build.0 = Debug|Any CPU
		{121ACB95-CEC9-43E7-AE72-B9410F828B01}.Debug|ARM.ActiveCfg = Debug|Any CPU
		{121ACB95-CEC9-43E7-AE72-B9410F828B01}.Debug|ARM.Build.0 = Debug|Any CPU
		{121ACB95-CEC9-43E7-AE72-B9410F828B01}.Debug|x64.ActiveCfg = Debug|Any CPU
		{121ACB95-CEC9-43E7-AE72-B9410F828B01}.Debug|x64.Build.0 = Debug|Any CPU
		{121ACB95-CEC9-43E7-AE72-B9410F828B01}.Debug|x86.ActiveCfg = Debug|Any CPU
		{121ACB95-CEC9-43E7-AE72-B9410F828B01}.Debug|x86.Build.0 = Debug|Any CPU
		{121ACB95-CEC9-43E7-AE72-B9410F828B01}.Release|Any CPU.ActiveCfg = Release|Any CPU
		{121ACB95-CEC9-43E7-AE72-B9410F828B01}.Release|Any CPU.Build.0 = Release|Any CPU
		{121ACB95-CEC9-43E7-AE72-B9410F828B01}.Release|ARM.ActiveCfg = Release|Any CPU
		{121ACB95-CEC9-43E7-AE72-B9410F828B01}.Release|ARM.Build.0 = Release|Any CPU
		{121ACB95-CEC9-43E7-AE72-B9410F828B01}.Release|x64.ActiveCfg = Release|Any CPU
		{121ACB95-CEC9-43E7-AE72-B9410F828B01}.Release|x64.Build.0 = Release|Any CPU
		{121ACB95-CEC9-43E7-AE72-B9410F828B01}.Release|x86.ActiveCfg = Release|Any CPU
		{121ACB95-CEC9-43E7-AE72-B9410F828B01}.Release|x86.Build.0 = Release|Any CPU
		{ED8BD1CD-9D33-4262-8BE6-09E2E213443B}.Debug|Any CPU.ActiveCfg = Debug|x86
		{ED8BD1CD-9D33-4262-8BE6-09E2E213443B}.Debug|ARM.ActiveCfg = Debug|ARM
		{ED8BD1CD-9D33-4262-8BE6-09E2E213443B}.Debug|ARM.Build.0 = Debug|ARM
		{ED8BD1CD-9D33-4262-8BE6-09E2E213443B}.Debug|ARM.Deploy.0 = Debug|ARM
		{ED8BD1CD-9D33-4262-8BE6-09E2E213443B}.Debug|x64.ActiveCfg = Debug|x64
		{ED8BD1CD-9D33-4262-8BE6-09E2E213443B}.Debug|x64.Build.0 = Debug|x64
		{ED8BD1CD-9D33-4262-8BE6-09E2E213443B}.Debug|x64.Deploy.0 = Debug|x64
		{ED8BD1CD-9D33-4262-8BE6-09E2E213443B}.Debug|x86.ActiveCfg = Debug|x86
		{ED8BD1CD-9D33-4262-8BE6-09E2E213443B}.Debug|x86.Build.0 = Debug|x86
		{ED8BD1CD-9D33-4262-8BE6-09E2E213443B}.Debug|x86.Deploy.0 = Debug|x86
		{ED8BD1CD-9D33-4262-8BE6-09E2E213443B}.Release|Any CPU.ActiveCfg = Release|x86
		{ED8BD1CD-9D33-4262-8BE6-09E2E213443B}.Release|ARM.ActiveCfg = Release|ARM
		{ED8BD1CD-9D33-4262-8BE6-09E2E213443B}.Release|ARM.Build.0 = Release|ARM
		{ED8BD1CD-9D33-4262-8BE6-09E2E213443B}.Release|ARM.Deploy.0 = Release|ARM
		{ED8BD1CD-9D33-4262-8BE6-09E2E213443B}.Release|x64.ActiveCfg = Release|x64
		{ED8BD1CD-9D33-4262-8BE6-09E2E213443B}.Release|x64.Build.0 = Release|x64
		{ED8BD1CD-9D33-4262-8BE6-09E2E213443B}.Release|x64.Deploy.0 = Release|x64
		{ED8BD1CD-9D33-4262-8BE6-09E2E213443B}.Release|x86.ActiveCfg = Release|x86
		{ED8BD1CD-9D33-4262-8BE6-09E2E213443B}.Release|x86.Build.0 = Release|x86
		{ED8BD1CD-9D33-4262-8BE6-09E2E213443B}.Release|x86.Deploy.0 = Release|x86
		{AFB36E87-0AB3-4DD1-BE0F-75CAB8EDB49E}.Debug|Any CPU.ActiveCfg = Debug|Any CPU
		{AFB36E87-0AB3-4DD1-BE0F-75CAB8EDB49E}.Debug|Any CPU.Build.0 = Debug|Any CPU
		{AFB36E87-0AB3-4DD1-BE0F-75CAB8EDB49E}.Debug|ARM.ActiveCfg = Debug|Any CPU
		{AFB36E87-0AB3-4DD1-BE0F-75CAB8EDB49E}.Debug|ARM.Build.0 = Debug|Any CPU
		{AFB36E87-0AB3-4DD1-BE0F-75CAB8EDB49E}.Debug|x64.ActiveCfg = Debug|Any CPU
		{AFB36E87-0AB3-4DD1-BE0F-75CAB8EDB49E}.Debug|x64.Build.0 = Debug|Any CPU
		{AFB36E87-0AB3-4DD1-BE0F-75CAB8EDB49E}.Debug|x86.ActiveCfg = Debug|Any CPU
		{AFB36E87-0AB3-4DD1-BE0F-75CAB8EDB49E}.Debug|x86.Build.0 = Debug|Any CPU
		{AFB36E87-0AB3-4DD1-BE0F-75CAB8EDB49E}.Release|Any CPU.ActiveCfg = Release|Any CPU
		{AFB36E87-0AB3-4DD1-BE0F-75CAB8EDB49E}.Release|Any CPU.Build.0 = Release|Any CPU
		{AFB36E87-0AB3-4DD1-BE0F-75CAB8EDB49E}.Release|ARM.ActiveCfg = Release|Any CPU
		{AFB36E87-0AB3-4DD1-BE0F-75CAB8EDB49E}.Release|ARM.Build.0 = Release|Any CPU
		{AFB36E87-0AB3-4DD1-BE0F-75CAB8EDB49E}.Release|x64.ActiveCfg = Release|Any CPU
		{AFB36E87-0AB3-4DD1-BE0F-75CAB8EDB49E}.Release|x64.Build.0 = Release|Any CPU
		{AFB36E87-0AB3-4DD1-BE0F-75CAB8EDB49E}.Release|x86.ActiveCfg = Release|Any CPU
		{AFB36E87-0AB3-4DD1-BE0F-75CAB8EDB49E}.Release|x86.Build.0 = Release|Any CPU
		{D55E8CE8-08DB-46CD-B889-324B9B9E6EDA}.Debug|Any CPU.ActiveCfg = Debug|Any CPU
		{D55E8CE8-08DB-46CD-B889-324B9B9E6EDA}.Debug|Any CPU.Build.0 = Debug|Any CPU
		{D55E8CE8-08DB-46CD-B889-324B9B9E6EDA}.Debug|ARM.ActiveCfg = Debug|Any CPU
		{D55E8CE8-08DB-46CD-B889-324B9B9E6EDA}.Debug|ARM.Build.0 = Debug|Any CPU
		{D55E8CE8-08DB-46CD-B889-324B9B9E6EDA}.Debug|x64.ActiveCfg = Debug|Any CPU
		{D55E8CE8-08DB-46CD-B889-324B9B9E6EDA}.Debug|x64.Build.0 = Debug|Any CPU
		{D55E8CE8-08DB-46CD-B889-324B9B9E6EDA}.Debug|x86.ActiveCfg = Debug|Any CPU
		{D55E8CE8-08DB-46CD-B889-324B9B9E6EDA}.Debug|x86.Build.0 = Debug|Any CPU
		{D55E8CE8-08DB-46CD-B889-324B9B9E6EDA}.Release|Any CPU.ActiveCfg = Release|Any CPU
		{D55E8CE8-08DB-46CD-B889-324B9B9E6EDA}.Release|Any CPU.Build.0 = Release|Any CPU
		{D55E8CE8-08DB-46CD-B889-324B9B9E6EDA}.Release|ARM.ActiveCfg = Release|Any CPU
		{D55E8CE8-08DB-46CD-B889-324B9B9E6EDA}.Release|ARM.Build.0 = Release|Any CPU
		{D55E8CE8-08DB-46CD-B889-324B9B9E6EDA}.Release|x64.ActiveCfg = Release|Any CPU
		{D55E8CE8-08DB-46CD-B889-324B9B9E6EDA}.Release|x64.Build.0 = Release|Any CPU
		{D55E8CE8-08DB-46CD-B889-324B9B9E6EDA}.Release|x86.ActiveCfg = Release|Any CPU
		{D55E8CE8-08DB-46CD-B889-324B9B9E6EDA}.Release|x86.Build.0 = Release|Any CPU
	EndGlobalSection
	GlobalSection(SolutionProperties) = preSolution
		HideSolutionNode = FALSE
	EndGlobalSection
	GlobalSection(NestedProjects) = preSolution
		{BECC6CE9-36B3-4BAF-92CA-58639569CEDA} = {3B783F52-F0FA-4B0A-87CF-7E4EB2D53547}
		{4922A7B9-6932-4C18-A629-5C52C889C164} = {394B56D6-EE63-4F68-971B-AAD95816D6D9}
		{5ED4B760-E712-41C6-8D8E-0A582BA54F9B} = {3B783F52-F0FA-4B0A-87CF-7E4EB2D53547}
		{121ACB95-CEC9-43E7-AE72-B9410F828B01} = {5ED4B760-E712-41C6-8D8E-0A582BA54F9B}
		{7614EBAA-1206-4445-825C-421E9DDD0DF1} = {394B56D6-EE63-4F68-971B-AAD95816D6D9}
		{ED8BD1CD-9D33-4262-8BE6-09E2E213443B} = {7614EBAA-1206-4445-825C-421E9DDD0DF1}
		{AFB36E87-0AB3-4DD1-BE0F-75CAB8EDB49E} = {7614EBAA-1206-4445-825C-421E9DDD0DF1}
		{D55E8CE8-08DB-46CD-B889-324B9B9E6EDA} = {7614EBAA-1206-4445-825C-421E9DDD0DF1}
	EndGlobalSection
EndGlobal
