
Microsoft Visual Studio Solution File, Format Version 12.00
# Visual Studio 15
VisualStudioVersion = 15.0.27004.2006
MinimumVisualStudioVersion = 10.0.40219.1
Project("{9A19103F-16F7-4668-BE54-9A1E7A4F7556}") = "MQTTSnClient", "src\MQTTSnClient\MQTTSnClient.csproj", "{27C8AA3E-9249-4ED3-BFF1-E41CFA612262}"
EndProject
Project("{9A19103F-16F7-4668-BE54-9A1E7A4F7556}") = "AQTTsnClientUnitTest", "tests\AQTTsnClientUnitTest\AQTTsnClientUnitTest.csproj", "{6C9253C3-7764-444C-A115-B3E54664AD6D}"
EndProject
Project("{9A19103F-16F7-4668-BE54-9A1E7A4F7556}") = "IotApi", "src\IotApi\IotApi.csproj", "{1D654888-F12A-4ABB-93F4-D36D56022BDC}"
EndProject
Global
	GlobalSection(SolutionConfigurationPlatforms) = preSolution
		Debug|Any CPU = Debug|Any CPU
		Release|Any CPU = Release|Any CPU
	EndGlobalSection
	GlobalSection(ProjectConfigurationPlatforms) = postSolution
		{27C8AA3E-9249-4ED3-BFF1-E41CFA612262}.Debug|Any CPU.ActiveCfg = Debug|Any CPU
		{27C8AA3E-9249-4ED3-BFF1-E41CFA612262}.Debug|Any CPU.Build.0 = Debug|Any CPU
		{27C8AA3E-9249-4ED3-BFF1-E41CFA612262}.Release|Any CPU.ActiveCfg = Release|Any CPU
		{27C8AA3E-9249-4ED3-BFF1-E41CFA612262}.Release|Any CPU.Build.0 = Release|Any CPU
		{6C9253C3-7764-444C-A115-B3E54664AD6D}.Debug|Any CPU.ActiveCfg = Debug|Any CPU
		{6C9253C3-7764-444C-A115-B3E54664AD6D}.Debug|Any CPU.Build.0 = Debug|Any CPU
		{6C9253C3-7764-444C-A115-B3E54664AD6D}.Release|Any CPU.ActiveCfg = Release|Any CPU
		{6C9253C3-7764-444C-A115-B3E54664AD6D}.Release|Any CPU.Build.0 = Release|Any CPU
		{1D654888-F12A-4ABB-93F4-D36D56022BDC}.Debug|Any CPU.ActiveCfg = Debug|Any CPU
		{1D654888-F12A-4ABB-93F4-D36D56022BDC}.Debug|Any CPU.Build.0 = Debug|Any CPU
		{1D654888-F12A-4ABB-93F4-D36D56022BDC}.Release|Any CPU.ActiveCfg = Release|Any CPU
		{1D654888-F12A-4ABB-93F4-D36D56022BDC}.Release|Any CPU.Build.0 = Release|Any CPU
	EndGlobalSection
	GlobalSection(SolutionProperties) = preSolution
		HideSolutionNode = FALSE
	EndGlobalSection
	GlobalSection(ExtensibilityGlobals) = postSolution
		SolutionGuid = {E1FA8847-0ACC-4822-8F0A-1A3909B01842}
	EndGlobalSection
EndGlobal
