
Microsoft Visual Studio Solution File, Format Version 12.00
# Visual Studio 14
VisualStudioVersion = 14.0.25420.1
MinimumVisualStudioVersion = 10.0.40219.1
Project("{2150E333-8FDC-42A3-9474-1A3956D46DE8}") = "src", "src", "{63CFB394-0A50-43F7-B7FE-2F999A7623D3}"
EndProject
Project("{2150E333-8FDC-42A3-9474-1A3956D46DE8}") = "Solution Items", "Solution Items", "{1281C610-8FDC-4E9F-9141-8CF217F19854}"
	ProjectSection(SolutionItems) = preProject
		global.json = global.json
	EndProjectSection
EndProject
Project("{8BB2217D-0F2D-49D1-97BC-3654ED321F3B}") = "PhilipsHueConnector", "src\PhilipsHueConnector\PhilipsHueConnector.xproj", "{8476C6B6-225F-4F92-A22D-12E6DEB9B088}"
EndProject
Project("{8BB2217D-0F2D-49D1-97BC-3654ED321F3B}") = "IotApi", "src\IotApi\IotApi.xproj", "{BECC6CE9-36B3-4BAF-92CA-58639569CEDA}"
EndProject
Project("{2150E333-8FDC-42A3-9474-1A3956D46DE8}") = "tests", "tests", "{AA6BA545-29E2-4107-827C-3C737F386131}"
EndProject
Project("{8BB2217D-0F2D-49D1-97BC-3654ED321F3B}") = "PhilipsHueUnitTests", "tests\PhilipsHueUnitTests\PhilipsHueUnitTests.xproj", "{723E133C-1C12-457A-ACF8-FE6399A42A55}"
EndProject
Global
	GlobalSection(SolutionConfigurationPlatforms) = preSolution
		Debug|Any CPU = Debug|Any CPU
		Release|Any CPU = Release|Any CPU
	EndGlobalSection
	GlobalSection(ProjectConfigurationPlatforms) = postSolution
		{8476C6B6-225F-4F92-A22D-12E6DEB9B088}.Debug|Any CPU.ActiveCfg = Debug|Any CPU
		{8476C6B6-225F-4F92-A22D-12E6DEB9B088}.Debug|Any CPU.Build.0 = Debug|Any CPU
		{8476C6B6-225F-4F92-A22D-12E6DEB9B088}.Release|Any CPU.ActiveCfg = Release|Any CPU
		{8476C6B6-225F-4F92-A22D-12E6DEB9B088}.Release|Any CPU.Build.0 = Release|Any CPU
		{BECC6CE9-36B3-4BAF-92CA-58639569CEDA}.Debug|Any CPU.ActiveCfg = Debug|Any CPU
		{BECC6CE9-36B3-4BAF-92CA-58639569CEDA}.Debug|Any CPU.Build.0 = Debug|Any CPU
		{BECC6CE9-36B3-4BAF-92CA-58639569CEDA}.Release|Any CPU.ActiveCfg = Release|Any CPU
		{BECC6CE9-36B3-4BAF-92CA-58639569CEDA}.Release|Any CPU.Build.0 = Release|Any CPU
		{723E133C-1C12-457A-ACF8-FE6399A42A55}.Debug|Any CPU.ActiveCfg = Debug|Any CPU
		{723E133C-1C12-457A-ACF8-FE6399A42A55}.Debug|Any CPU.Build.0 = Debug|Any CPU
		{723E133C-1C12-457A-ACF8-FE6399A42A55}.Release|Any CPU.ActiveCfg = Release|Any CPU
		{723E133C-1C12-457A-ACF8-FE6399A42A55}.Release|Any CPU.Build.0 = Release|Any CPU
	EndGlobalSection
	GlobalSection(SolutionProperties) = preSolution
		HideSolutionNode = FALSE
	EndGlobalSection
	GlobalSection(NestedProjects) = preSolution
		{8476C6B6-225F-4F92-A22D-12E6DEB9B088} = {63CFB394-0A50-43F7-B7FE-2F999A7623D3}
		{BECC6CE9-36B3-4BAF-92CA-58639569CEDA} = {63CFB394-0A50-43F7-B7FE-2F999A7623D3}
		{723E133C-1C12-457A-ACF8-FE6399A42A55} = {AA6BA545-29E2-4107-827C-3C737F386131}
	EndGlobalSection
EndGlobal
