
Microsoft Visual Studio Solution File, Format Version 12.00
# Visual Studio 15
VisualStudioVersion = 15.0.27004.2006
MinimumVisualStudioVersion = 10.0.40219.1
Project("{2150E333-8FDC-42A3-9474-1A3956D46DE8}") = "src", "src", "{63CFB394-0A50-43F7-B7FE-2F999A7623D3}"
EndProject
Project("{2150E333-8FDC-42A3-9474-1A3956D46DE8}") = "Solution Items", "Solution Items", "{1281C610-8FDC-4E9F-9141-8CF217F19854}"
	ProjectSection(SolutionItems) = preProject
		global.json = global.json
	EndProjectSection
EndProject
Project("{2150E333-8FDC-42A3-9474-1A3956D46DE8}") = "tests", "tests", "{AA6BA545-29E2-4107-827C-3C737F386131}"
EndProject
Project("{9A19103F-16F7-4668-BE54-9A1E7A4F7556}") = "IotApi", "src\IotApi\IotApi.csproj", "{BECC6CE9-36B3-4BAF-92CA-58639569CEDA}"
EndProject
Project("{9A19103F-16F7-4668-BE54-9A1E7A4F7556}") = "ZigBeeConnector", "src\ZigBeeConnector\ZigBeeConnector.csproj", "{7A68499F-7F25-40EE-BE60-CA7EEAB4707D}"
EndProject
Project("{9A19103F-16F7-4668-BE54-9A1E7A4F7556}") = "ZigBeeUnitTests", "tests\ZigBeeUnitTests\ZigBeeUnitTests.csproj", "{3ECF490B-CAF7-41EA-9FF9-69FF32762AC4}"
EndProject
Global
	GlobalSection(SolutionConfigurationPlatforms) = preSolution
		Debug|Any CPU = Debug|Any CPU
		Release|Any CPU = Release|Any CPU
	EndGlobalSection
	GlobalSection(ProjectConfigurationPlatforms) = postSolution
		{BECC6CE9-36B3-4BAF-92CA-58639569CEDA}.Debug|Any CPU.ActiveCfg = Debug|Any CPU
		{BECC6CE9-36B3-4BAF-92CA-58639569CEDA}.Debug|Any CPU.Build.0 = Debug|Any CPU
		{BECC6CE9-36B3-4BAF-92CA-58639569CEDA}.Release|Any CPU.ActiveCfg = Release|Any CPU
		{BECC6CE9-36B3-4BAF-92CA-58639569CEDA}.Release|Any CPU.Build.0 = Release|Any CPU
		{7A68499F-7F25-40EE-BE60-CA7EEAB4707D}.Debug|Any CPU.ActiveCfg = Debug|Any CPU
		{7A68499F-7F25-40EE-BE60-CA7EEAB4707D}.Debug|Any CPU.Build.0 = Debug|Any CPU
		{7A68499F-7F25-40EE-BE60-CA7EEAB4707D}.Release|Any CPU.ActiveCfg = Release|Any CPU
		{7A68499F-7F25-40EE-BE60-CA7EEAB4707D}.Release|Any CPU.Build.0 = Release|Any CPU
		{3ECF490B-CAF7-41EA-9FF9-69FF32762AC4}.Debug|Any CPU.ActiveCfg = Debug|Any CPU
		{3ECF490B-CAF7-41EA-9FF9-69FF32762AC4}.Debug|Any CPU.Build.0 = Debug|Any CPU
		{3ECF490B-CAF7-41EA-9FF9-69FF32762AC4}.Release|Any CPU.ActiveCfg = Release|Any CPU
		{3ECF490B-CAF7-41EA-9FF9-69FF32762AC4}.Release|Any CPU.Build.0 = Release|Any CPU
	EndGlobalSection
	GlobalSection(SolutionProperties) = preSolution
		HideSolutionNode = FALSE
	EndGlobalSection
	GlobalSection(NestedProjects) = preSolution
		{BECC6CE9-36B3-4BAF-92CA-58639569CEDA} = {63CFB394-0A50-43F7-B7FE-2F999A7623D3}
		{7A68499F-7F25-40EE-BE60-CA7EEAB4707D} = {63CFB394-0A50-43F7-B7FE-2F999A7623D3}
		{3ECF490B-CAF7-41EA-9FF9-69FF32762AC4} = {AA6BA545-29E2-4107-827C-3C737F386131}
	EndGlobalSection
	GlobalSection(ExtensibilityGlobals) = postSolution
		SolutionGuid = {C6D66FD6-78FE-47C1-A8D9-E90FEAE02C45}
	EndGlobalSection
EndGlobal
