
Microsoft Visual Studio Solution File, Format Version 12.00
# Visual Studio 15
VisualStudioVersion = 15.0.27130.2020
MinimumVisualStudioVersion = 10.0.40219.1
Project("{2150E333-8FDC-42A3-9474-1A3956D46DE8}") = "Modules", "Modules", "{77D636A3-066F-4016-895C-7E89B09BB901}"
EndProject
Project("{9A19103F-16F7-4668-BE54-9A1E7A4F7556}") = "PrintMdule", "PrintMdule\PrintMdule.csproj", "{5A480635-C1BE-4821-BF21-B3D833E11FDE}"
EndProject
Project("{9A19103F-16F7-4668-BE54-9A1E7A4F7556}") = "GatewayConsole", "GatewayConsole\GatewayConsole.csproj", "{DF350A51-82A0-4B39-885A-96339AF61F47}"
EndProject
Project("{2150E333-8FDC-42A3-9474-1A3956D46DE8}") = "Assembly", "Assembly", "{DB14B914-621B-40FB-AC7F-4E33D5C7BF44}"
	ProjectSection(SolutionItems) = preProject
		..\..\..\..\..\..\GitHub\Pack\Daenet.Azure.Devices.Gateway.1.0.0.nupkg = ..\..\..\..\..\..\GitHub\Pack\Daenet.Azure.Devices.Gateway.1.0.0.nupkg
		..\..\..\..\..\..\GitHub\Pack\Daenet.IotGateway.Common.1.0.0.nupkg = ..\..\..\..\..\..\GitHub\Pack\Daenet.IotGateway.Common.1.0.0.nupkg
	EndProjectSection
EndProject
Project("{9A19103F-16F7-4668-BE54-9A1E7A4F7556}") = "Daenet.IotGateway.BluetoothLEModule", "Daenet.IotGateway.BluetoothLEModule\Daenet.IotGateway.BluetoothLEModule.csproj", "{FBEDEA41-FF96-4044-B9DC-176354ACE988}"
EndProject
Project("{E53339B2-1760-4266-BCC7-CA923CBCF16C}") = "docker-compose", "docker-compose.dcproj", "{8B27228C-B58E-4A16-B765-48AB4B87BAFC}"
EndProject
Global
	GlobalSection(SolutionConfigurationPlatforms) = preSolution
		Debug|Any CPU = Debug|Any CPU
		Debug|ARM = Debug|ARM
		Debug|x64 = Debug|x64
		Debug|x86 = Debug|x86
		Release|Any CPU = Release|Any CPU
		Release|ARM = Release|ARM
		Release|x64 = Release|x64
		Release|x86 = Release|x86
	EndGlobalSection
	GlobalSection(ProjectConfigurationPlatforms) = postSolution
		{5A480635-C1BE-4821-BF21-B3D833E11FDE}.Debug|Any CPU.ActiveCfg = Debug|Any CPU
		{5A480635-C1BE-4821-BF21-B3D833E11FDE}.Debug|Any CPU.Build.0 = Debug|Any CPU
		{5A480635-C1BE-4821-BF21-B3D833E11FDE}.Debug|ARM.ActiveCfg = Debug|Any CPU
		{5A480635-C1BE-4821-BF21-B3D833E11FDE}.Debug|ARM.Build.0 = Debug|Any CPU
		{5A480635-C1BE-4821-BF21-B3D833E11FDE}.Debug|x64.ActiveCfg = Debug|Any CPU
		{5A480635-C1BE-4821-BF21-B3D833E11FDE}.Debug|x64.Build.0 = Debug|Any CPU
		{5A480635-C1BE-4821-BF21-B3D833E11FDE}.Debug|x86.ActiveCfg = Debug|Any CPU
		{5A480635-C1BE-4821-BF21-B3D833E11FDE}.Debug|x86.Build.0 = Debug|Any CPU
		{5A480635-C1BE-4821-BF21-B3D833E11FDE}.Release|Any CPU.ActiveCfg = Release|Any CPU
		{5A480635-C1BE-4821-BF21-B3D833E11FDE}.Release|Any CPU.Build.0 = Release|Any CPU
		{5A480635-C1BE-4821-BF21-B3D833E11FDE}.Release|ARM.ActiveCfg = Release|Any CPU
		{5A480635-C1BE-4821-BF21-B3D833E11FDE}.Release|ARM.Build.0 = Release|Any CPU
		{5A480635-C1BE-4821-BF21-B3D833E11FDE}.Release|x64.ActiveCfg = Release|Any CPU
		{5A480635-C1BE-4821-BF21-B3D833E11FDE}.Release|x64.Build.0 = Release|Any CPU
		{5A480635-C1BE-4821-BF21-B3D833E11FDE}.Release|x86.ActiveCfg = Release|Any CPU
		{5A480635-C1BE-4821-BF21-B3D833E11FDE}.Release|x86.Build.0 = Release|Any CPU
		{DF350A51-82A0-4B39-885A-96339AF61F47}.Debug|Any CPU.ActiveCfg = Debug|Any CPU
		{DF350A51-82A0-4B39-885A-96339AF61F47}.Debug|Any CPU.Build.0 = Debug|Any CPU
		{DF350A51-82A0-4B39-885A-96339AF61F47}.Debug|ARM.ActiveCfg = Debug|Any CPU
		{DF350A51-82A0-4B39-885A-96339AF61F47}.Debug|ARM.Build.0 = Debug|Any CPU
		{DF350A51-82A0-4B39-885A-96339AF61F47}.Debug|x64.ActiveCfg = Debug|Any CPU
		{DF350A51-82A0-4B39-885A-96339AF61F47}.Debug|x64.Build.0 = Debug|Any CPU
		{DF350A51-82A0-4B39-885A-96339AF61F47}.Debug|x86.ActiveCfg = Debug|Any CPU
		{DF350A51-82A0-4B39-885A-96339AF61F47}.Debug|x86.Build.0 = Debug|Any CPU
		{DF350A51-82A0-4B39-885A-96339AF61F47}.Release|Any CPU.ActiveCfg = Release|Any CPU
		{DF350A51-82A0-4B39-885A-96339AF61F47}.Release|Any CPU.Build.0 = Release|Any CPU
		{DF350A51-82A0-4B39-885A-96339AF61F47}.Release|ARM.ActiveCfg = Release|Any CPU
		{DF350A51-82A0-4B39-885A-96339AF61F47}.Release|ARM.Build.0 = Release|Any CPU
		{DF350A51-82A0-4B39-885A-96339AF61F47}.Release|x64.ActiveCfg = Release|Any CPU
		{DF350A51-82A0-4B39-885A-96339AF61F47}.Release|x64.Build.0 = Release|Any CPU
		{DF350A51-82A0-4B39-885A-96339AF61F47}.Release|x86.ActiveCfg = Release|Any CPU
		{DF350A51-82A0-4B39-885A-96339AF61F47}.Release|x86.Build.0 = Release|Any CPU
		{FBEDEA41-FF96-4044-B9DC-176354ACE988}.Debug|Any CPU.ActiveCfg = Debug|Any CPU
		{FBEDEA41-FF96-4044-B9DC-176354ACE988}.Debug|Any CPU.Build.0 = Debug|Any CPU
		{FBEDEA41-FF96-4044-B9DC-176354ACE988}.Debug|ARM.ActiveCfg = Debug|Any CPU
		{FBEDEA41-FF96-4044-B9DC-176354ACE988}.Debug|ARM.Build.0 = Debug|Any CPU
		{FBEDEA41-FF96-4044-B9DC-176354ACE988}.Debug|x64.ActiveCfg = Debug|Any CPU
		{FBEDEA41-FF96-4044-B9DC-176354ACE988}.Debug|x64.Build.0 = Debug|Any CPU
		{FBEDEA41-FF96-4044-B9DC-176354ACE988}.Debug|x86.ActiveCfg = Debug|Any CPU
		{FBEDEA41-FF96-4044-B9DC-176354ACE988}.Debug|x86.Build.0 = Debug|Any CPU
		{FBEDEA41-FF96-4044-B9DC-176354ACE988}.Release|Any CPU.ActiveCfg = Release|Any CPU
		{FBEDEA41-FF96-4044-B9DC-176354ACE988}.Release|Any CPU.Build.0 = Release|Any CPU
		{FBEDEA41-FF96-4044-B9DC-176354ACE988}.Release|ARM.ActiveCfg = Release|Any CPU
		{FBEDEA41-FF96-4044-B9DC-176354ACE988}.Release|ARM.Build.0 = Release|Any CPU
		{FBEDEA41-FF96-4044-B9DC-176354ACE988}.Release|x64.ActiveCfg = Release|Any CPU
		{FBEDEA41-FF96-4044-B9DC-176354ACE988}.Release|x64.Build.0 = Release|Any CPU
		{FBEDEA41-FF96-4044-B9DC-176354ACE988}.Release|x86.ActiveCfg = Release|Any CPU
		{FBEDEA41-FF96-4044-B9DC-176354ACE988}.Release|x86.Build.0 = Release|Any CPU
		{8B27228C-B58E-4A16-B765-48AB4B87BAFC}.Debug|Any CPU.ActiveCfg = Debug|Any CPU
		{8B27228C-B58E-4A16-B765-48AB4B87BAFC}.Debug|Any CPU.Build.0 = Debug|Any CPU
		{8B27228C-B58E-4A16-B765-48AB4B87BAFC}.Debug|ARM.ActiveCfg = Debug|Any CPU
		{8B27228C-B58E-4A16-B765-48AB4B87BAFC}.Debug|ARM.Build.0 = Debug|Any CPU
		{8B27228C-B58E-4A16-B765-48AB4B87BAFC}.Debug|x64.ActiveCfg = Debug|Any CPU
		{8B27228C-B58E-4A16-B765-48AB4B87BAFC}.Debug|x64.Build.0 = Debug|Any CPU
		{8B27228C-B58E-4A16-B765-48AB4B87BAFC}.Debug|x86.ActiveCfg = Debug|Any CPU
		{8B27228C-B58E-4A16-B765-48AB4B87BAFC}.Debug|x86.Build.0 = Debug|Any CPU
		{8B27228C-B58E-4A16-B765-48AB4B87BAFC}.Release|Any CPU.ActiveCfg = Release|Any CPU
		{8B27228C-B58E-4A16-B765-48AB4B87BAFC}.Release|Any CPU.Build.0 = Release|Any CPU
		{8B27228C-B58E-4A16-B765-48AB4B87BAFC}.Release|ARM.ActiveCfg = Release|Any CPU
		{8B27228C-B58E-4A16-B765-48AB4B87BAFC}.Release|ARM.Build.0 = Release|Any CPU
		{8B27228C-B58E-4A16-B765-48AB4B87BAFC}.Release|x64.ActiveCfg = Release|Any CPU
		{8B27228C-B58E-4A16-B765-48AB4B87BAFC}.Release|x64.Build.0 = Release|Any CPU
		{8B27228C-B58E-4A16-B765-48AB4B87BAFC}.Release|x86.ActiveCfg = Release|Any CPU
		{8B27228C-B58E-4A16-B765-48AB4B87BAFC}.Release|x86.Build.0 = Release|Any CPU
	EndGlobalSection
	GlobalSection(SolutionProperties) = preSolution
		HideSolutionNode = FALSE
	EndGlobalSection
	GlobalSection(NestedProjects) = preSolution
		{5A480635-C1BE-4821-BF21-B3D833E11FDE} = {77D636A3-066F-4016-895C-7E89B09BB901}
		{FBEDEA41-FF96-4044-B9DC-176354ACE988} = {77D636A3-066F-4016-895C-7E89B09BB901}
	EndGlobalSection
	GlobalSection(ExtensibilityGlobals) = postSolution
		SolutionGuid = {FCA29EEA-5C26-45CD-BA05-26A7BDB1CC8D}
	EndGlobalSection
EndGlobal
