
Microsoft Visual Studio Solution File, Format Version 12.00
# Visual Studio 2013
VisualStudioVersion = 12.0.31101.0
MinimumVisualStudioVersion = 10.0.40219.1
Project("{FAE04EC0-301F-11D3-BF4B-00C04F79EFBC}") = "IotBridge.SbTransport", "IotBridge.SbTransport\IotBridge.SbTransport.csproj", "{3C571EF5-CC47-442B-ADCE-BEC056FE8A12}"
EndProject
Project("{FAE04EC0-301F-11D3-BF4B-00C04F79EFBC}") = "IoTBridge", "..\IoTBridge\IoTBridge\IoTBridge.csproj", "{B231F913-2C4C-49B2-B78E-151E9C40C78C}"
EndProject
Global
	GlobalSection(SolutionConfigurationPlatforms) = preSolution
		Debug|Any CPU = Debug|Any CPU
		Release|Any CPU = Release|Any CPU
	EndGlobalSection
	GlobalSection(ProjectConfigurationPlatforms) = postSolution
		{3C571EF5-CC47-442B-ADCE-BEC056FE8A12}.Debug|Any CPU.ActiveCfg = Debug|Any CPU
		{3C571EF5-CC47-442B-ADCE-BEC056FE8A12}.Debug|Any CPU.Build.0 = Debug|Any CPU
		{3C571EF5-CC47-442B-ADCE-BEC056FE8A12}.Release|Any CPU.ActiveCfg = Release|Any CPU
		{3C571EF5-CC47-442B-ADCE-BEC056FE8A12}.Release|Any CPU.Build.0 = Release|Any CPU
		{B231F913-2C4C-49B2-B78E-151E9C40C78C}.Debug|Any CPU.ActiveCfg = Debug|Any CPU
		{B231F913-2C4C-49B2-B78E-151E9C40C78C}.Debug|Any CPU.Build.0 = Debug|Any CPU
		{B231F913-2C4C-49B2-B78E-151E9C40C78C}.Release|Any CPU.ActiveCfg = Release|Any CPU
		{B231F913-2C4C-49B2-B78E-151E9C40C78C}.Release|Any CPU.Build.0 = Release|Any CPU
	EndGlobalSection
	GlobalSection(SolutionProperties) = preSolution
		HideSolutionNode = FALSE
	EndGlobalSection
EndGlobal
